
Microsoft Visual Studio Solution File, Format Version 12.00
# Visual Studio Version 17
VisualStudioVersion = 17.8.34330.188
MinimumVisualStudioVersion = 10.0.40219.1
Project("{FAE04EC0-301F-11D3-BF4B-00C04F79EFBC}") = "Prodavanje igrica", "Prodavanje igrica\Prodavanje igrica.csproj", "{4E09E121-06ED-4293-AA6B-177FF61B9A03}"
EndProject
Global
	GlobalSection(SolutionConfigurationPlatforms) = preSolution
		Debug|Any CPU = Debug|Any CPU
		Release|Any CPU = Release|Any CPU
	EndGlobalSection
	GlobalSection(ProjectConfigurationPlatforms) = postSolution
		{4E09E121-06ED-4293-AA6B-177FF61B9A03}.Debug|Any CPU.ActiveCfg = Debug|Any CPU
		{4E09E121-06ED-4293-AA6B-177FF61B9A03}.Debug|Any CPU.Build.0 = Debug|Any CPU
		{4E09E121-06ED-4293-AA6B-177FF61B9A03}.Release|Any CPU.ActiveCfg = Release|Any CPU
		{4E09E121-06ED-4293-AA6B-177FF61B9A03}.Release|Any CPU.Build.0 = Release|Any CPU
	EndGlobalSection
	GlobalSection(SolutionProperties) = preSolution
		HideSolutionNode = FALSE
	EndGlobalSection
	GlobalSection(ExtensibilityGlobals) = postSolution
		SolutionGuid = {1A8811E8-6C4B-4154-B8D7-846A24B4A0F1}
	EndGlobalSection
EndGlobal
